// !$*UTF8*$!
{
	archiveVersion = 1;
	classes = {
	};
	objectVersion = 77;
	objects = {

/* Begin PBXBuildFile section */
		19293F8A2F3320B10000973C /* AIVideoMakerApp.swift in Sources */ = {isa = PBXBuildFile; fileRef = 19293F862F3320B10000973C /* AIVideoMakerApp.swift */; };
		19293F8B2F3320B10000973C /* ContentView.swift in Sources */ = {isa = PBXBuildFile; fileRef = 19293F882F3320B10000973C /* ContentView.swift */; };
		19293F8C2F3320B10000973C /* Assets.xcassets in Resources */ = {isa = PBXBuildFile; fileRef = 19293F872F3320B10000973C /* Assets.xcassets */; };
		19293F8E2F3320CC0000973C /* DashBoardView.swift in Sources */ = {isa = PBXBuildFile; fileRef = 19293F8D2F3320CC0000973C /* DashBoardView.swift */; };
		19293F902F3325680000973C /* HomeView.swift in Sources */ = {isa = PBXBuildFile; fileRef = 19293F8F2F3325680000973C /* HomeView.swift */; };
		19293F962F3342930000973C /* Poppins-SemiBold.ttf in Resources */ = {isa = PBXBuildFile; fileRef = 19293F952F3342930000973C /* Poppins-SemiBold.ttf */; };
		19293F972F3342930000973C /* Poppins-Regular.ttf in Resources */ = {isa = PBXBuildFile; fileRef = 19293F942F3342930000973C /* Poppins-Regular.ttf */; };
		19293F982F3342930000973C /* Poppins-Medium.ttf in Resources */ = {isa = PBXBuildFile; fileRef = 19293F932F3342930000973C /* Poppins-Medium.ttf */; };
		19293F992F3342930000973C /* Poppins-Bold.ttf in Resources */ = {isa = PBXBuildFile; fileRef = 19293F922F3342930000973C /* Poppins-Bold.ttf */; };
		19293FA02F3349030000973C /* Utilities.swift in Sources */ = {isa = PBXBuildFile; fileRef = 19293F9E2F3349030000973C /* Utilities.swift */; };
		19293FA42F3365B50000973C /* VideoDetailView.swift in Sources */ = {isa = PBXBuildFile; fileRef = 19293FA32F3365B50000973C /* VideoDetailView.swift */; };
		19D6BA562F346213009805E6 /* VideoCacheManager.swift in Sources */ = {isa = PBXBuildFile; fileRef = 19D6BA542F346213009805E6 /* VideoCacheManager.swift */; };
/* End PBXBuildFile section */

/* Begin PBXFileReference section */
		19293F762F3320950000973C /* AIVideoMaker.app */ = {isa = PBXFileReference; explicitFileType = wrapper.application; includeInIndex = 0; path = AIVideoMaker.app; sourceTree = BUILT_PRODUCTS_DIR; };
		19293F862F3320B10000973C /* AIVideoMakerApp.swift */ = {isa = PBXFileReference; lastKnownFileType = sourcecode.swift; path = AIVideoMakerApp.swift; sourceTree = "<group>"; };
		19293F872F3320B10000973C /* Assets.xcassets */ = {isa = PBXFileReference; lastKnownFileType = folder.assetcatalog; path = Assets.xcassets; sourceTree = "<group>"; };
		19293F882F3320B10000973C /* ContentView.swift */ = {isa = PBXFileReference; lastKnownFileType = sourcecode.swift; path = ContentView.swift; sourceTree = "<group>"; };
		19293F8D2F3320CC0000973C /* DashBoardView.swift */ = {isa = PBXFileReference; lastKnownFileType = sourcecode.swift; path = DashBoardView.swift; sourceTree = "<group>"; };
		19293F8F2F3325680000973C /* HomeView.swift */ = {isa = PBXFileReference; lastKnownFileType = sourcecode.swift; path = HomeView.swift; sourceTree = "<group>"; };
		19293F922F3342930000973C /* Poppins-Bold.ttf */ = {isa = PBXFileReference; lastKnownFileType = file; path = "Poppins-Bold.ttf"; sourceTree = "<group>"; };
		19293F932F3342930000973C /* Poppins-Medium.ttf */ = {isa = PBXFileReference; lastKnownFileType = file; path = "Poppins-Medium.ttf"; sourceTree = "<group>"; };
		19293F942F3342930000973C /* Poppins-Regular.ttf */ = {isa = PBXFileReference; lastKnownFileType = file; path = "Poppins-Regular.ttf"; sourceTree = "<group>"; };
		19293F952F3342930000973C /* Poppins-SemiBold.ttf */ = {isa = PBXFileReference; lastKnownFileType = file; path = "Poppins-SemiBold.ttf"; sourceTree = "<group>"; };
		19293F9A2F3343050000973C /* Info.plist */ = {isa = PBXFileReference; lastKnownFileType = text.plist; path = Info.plist; sourceTree = "<group>"; };
		19293F9E2F3349030000973C /* Utilities.swift */ = {isa = PBXFileReference; lastKnownFileType = sourcecode.swift; path = Utilities.swift; sourceTree = "<group>"; };
		19293FA32F3365B50000973C /* VideoDetailView.swift */ = {isa = PBXFileReference; lastKnownFileType = sourcecode.swift; path = VideoDetailView.swift; sourceTree = "<group>"; };
		19D6BA542F346213009805E6 /* VideoCacheManager.swift */ = {isa = PBXFileReference; lastKnownFileType = sourcecode.swift; path = VideoCacheManager.swift; sourceTree = "<group>"; };
/* End PBXFileReference section */

/* Begin PBXFrameworksBuildPhase section */
		19293F732F3320950000973C /* Frameworks */ = {
			isa = PBXFrameworksBuildPhase;
			buildActionMask = 2147483647;
			files = (
			);
			runOnlyForDeploymentPostprocessing = 0;
		};
/* End PBXFrameworksBuildPhase section */

/* Begin PBXGroup section */
		19293F6D2F3320950000973C = {
			isa = PBXGroup;
			children = (
				19293F892F3320B10000973C /* AIVideoMaker */,
				19293F772F3320950000973C /* Products */,
			);
			sourceTree = "<group>";
		};
		19293F772F3320950000973C /* Products */ = {
			isa = PBXGroup;
			children = (
				19293F762F3320950000973C /* AIVideoMaker.app */,
			);
			name = Products;
			sourceTree = "<group>";
		};
		19293F852F3320B10000973C /* Views */ = {
			isa = PBXGroup;
			children = (
				19293F8D2F3320CC0000973C /* DashBoardView.swift */,
				19293F8F2F3325680000973C /* HomeView.swift */,
				19293FA32F3365B50000973C /* VideoDetailView.swift */,
			);
			path = Views;
			sourceTree = "<group>";
		};
		19293F892F3320B10000973C /* AIVideoMaker */ = {
			isa = PBXGroup;
			children = (
				19293F9A2F3343050000973C /* Info.plist */,
				19293F862F3320B10000973C /* AIVideoMakerApp.swift */,
				19293F872F3320B10000973C /* Assets.xcassets */,
				19293F882F3320B10000973C /* ContentView.swift */,
				19D6BA552F346213009805E6 /* Managers */,
				19293F9F2F3349030000973C /* Utilities */,
				19293F912F33427E0000973C /* Fonts */,
				19293F852F3320B10000973C /* Views */,
			);
			path = AIVideoMaker;
			sourceTree = "<group>";
		};
		19293F912F33427E0000973C /* Fonts */ = {
			isa = PBXGroup;
			children = (
				19293F922F3342930000973C /* Poppins-Bold.ttf */,
				19293F932F3342930000973C /* Poppins-Medium.ttf */,
				19293F942F3342930000973C /* Poppins-Regular.ttf */,
				19293F952F3342930000973C /* Poppins-SemiBold.ttf */,
			);
			path = Fonts;
			sourceTree = "<group>";
		};
		19293F9F2F3349030000973C /* Utilities */ = {
			isa = PBXGroup;
			children = (
				19293F9E2F3349030000973C /* Utilities.swift */,
			);
			path = Utilities;
			sourceTree = "<group>";
		};
		19D6BA552F346213009805E6 /* Managers */ = {
			isa = PBXGroup;
			children = (
				19D6BA542F346213009805E6 /* VideoCacheManager.swift */,
			);
			path = Managers;
			sourceTree = "<group>";
		};
/* End PBXGroup section */

/* Begin PBXNativeTarget section */
		19293F752F3320950000973C /* AIVideoMaker */ = {
			isa = PBXNativeTarget;
			buildConfigurationList = 19293F812F3320960000973C /* Build configuration list for PBXNativeTarget "AIVideoMaker" */;
			buildPhases = (
				19293F722F3320950000973C /* Sources */,
				19293F732F3320950000973C /* Frameworks */,
				19293F742F3320950000973C /* Resources */,
			);
			buildRules = (
			);
			dependencies = (
			);
			name = AIVideoMaker;
			packageProductDependencies = (
			);
			productName = AIVideoMaker;
			productReference = 19293F762F3320950000973C /* AIVideoMaker.app */;
			productType = "com.apple.product-type.application";
		};
/* End PBXNativeTarget section */

/* Begin PBXProject section */
		19293F6E2F3320950000973C /* Project object */ = {
			isa = PBXProject;
			attributes = {
				BuildIndependentTargetsInParallel = 1;
				LastSwiftUpdateCheck = 2620;
				LastUpgradeCheck = 2620;
				TargetAttributes = {
					19293F752F3320950000973C = {
						CreatedOnToolsVersion = 26.2;
					};
				};
			};
			buildConfigurationList = 19293F712F3320950000973C /* Build configuration list for PBXProject "AIVideoMaker" */;
			developmentRegion = en;
			hasScannedForEncodings = 0;
			knownRegions = (
				en,
				Base,
			);
			mainGroup = 19293F6D2F3320950000973C;
			minimizedProjectReferenceProxies = 1;
			preferredProjectObjectVersion = 77;
			productRefGroup = 19293F772F3320950000973C /* Products */;
			projectDirPath = "";
			projectRoot = "";
			targets = (
				19293F752F3320950000973C /* AIVideoMaker */,
			);
		};
/* End PBXProject section */

/* Begin PBXResourcesBuildPhase section */
		19293F742F3320950000973C /* Resources */ = {
			isa = PBXResourcesBuildPhase;
			buildActionMask = 2147483647;
			files = (
				19293F962F3342930000973C /* Poppins-SemiBold.ttf in Resources */,
				19293F972F3342930000973C /* Poppins-Regular.ttf in Resources */,
				19293F982F3342930000973C /* Poppins-Medium.ttf in Resources */,
				19293F992F3342930000973C /* Poppins-Bold.ttf in Resources */,
				19293F8C2F3320B10000973C /* Assets.xcassets in Resources */,
			);
			runOnlyForDeploymentPostprocessing = 0;
		};
/* End PBXResourcesBuildPhase section */

/* Begin PBXSourcesBuildPhase section */
		19293F722F3320950000973C /* Sources */ = {
			isa = PBXSourcesBuildPhase;
			buildActionMask = 2147483647;
			files = (
				19293F8E2F3320CC0000973C /* DashBoardView.swift in Sources */,
				19293FA42F3365B50000973C /* VideoDetailView.swift in Sources */,
				19293F902F3325680000973C /* HomeView.swift in Sources */,
				19293F8A2F3320B10000973C /* AIVideoMakerApp.swift in Sources */,
				19293FA02F3349030000973C /* Utilities.swift in Sources */,
				19D6BA562F346213009805E6 /* VideoCacheManager.swift in Sources */,
				19293F8B2F3320B10000973C /* ContentView.swift in Sources */,
			);
			runOnlyForDeploymentPostprocessing = 0;
		};
/* End PBXSourcesBuildPhase section */

/* Begin XCBuildConfiguration section */
		19293F7F2F3320960000973C /* Debug */ = {
			isa = XCBuildConfiguration;
			buildSettings = {
				ALWAYS_SEARCH_USER_PATHS = NO;
				ASSETCATALOG_COMPILER_GENERATE_SWIFT_ASSET_SYMBOL_EXTENSIONS = YES;
				CLANG_ANALYZER_NONNULL = YES;
				CLANG_ANALYZER_NUMBER_OBJECT_CONVERSION = YES_AGGRESSIVE;
				CLANG_CXX_LANGUAGE_STANDARD = "gnu++20";
				CLANG_ENABLE_MODULES = YES;
				CLANG_ENABLE_OBJC_ARC = YES;
				CLANG_ENABLE_OBJC_WEAK = YES;
				CLANG_WARN_BLOCK_CAPTURE_AUTORELEASING = YES;
				CLANG_WARN_BOOL_CONVERSION = YES;
				CLANG_WARN_COMMA = YES;
				CLANG_WARN_CONSTANT_CONVERSION = YES;
				CLANG_WARN_DEPRECATED_OBJC_IMPLEMENTATIONS = YES;
				CLANG_WARN_DIRECT_OBJC_ISA_USAGE = YES_ERROR;
				CLANG_WARN_DOCUMENTATION_COMMENTS = YES;
				CLANG_WARN_EMPTY_BODY = YES;
				CLANG_WARN_ENUM_CONVERSION = YES;
				CLANG_WARN_INFINITE_RECURSION = YES;
				CLANG_WARN_INT_CONVERSION = YES;
				CLANG_WARN_NON_LITERAL_NULL_CONVERSION = YES;
				CLANG_WARN_OBJC_IMPLICIT_RETAIN_SELF = YES;
				CLANG_WARN_OBJC_LITERAL_CONVERSION = YES;
				CLANG_WARN_OBJC_ROOT_CLASS = YES_ERROR;
				CLANG_WARN_QUOTED_INCLUDE_IN_FRAMEWORK_HEADER = YES;
				CLANG_WARN_RANGE_LOOP_ANALYSIS = YES;
				CLANG_WARN_STRICT_PROTOTYPES = YES;
				CLANG_WARN_SUSPICIOUS_MOVE = YES;
				CLANG_WARN_UNGUARDED_AVAILABILITY = YES_AGGRESSIVE;
				CLANG_WARN_UNREACHABLE_CODE = YES;
				CLANG_WARN__DUPLICATE_METHOD_MATCH = YES;
				COPY_PHASE_STRIP = NO;
				DEBUG_INFORMATION_FORMAT = dwarf;
				DEVELOPMENT_TEAM = DPNK89M4L6;
				ENABLE_STRICT_OBJC_MSGSEND = YES;
				ENABLE_TESTABILITY = YES;
				ENABLE_USER_SCRIPT_SANDBOXING = YES;
				GCC_C_LANGUAGE_STANDARD = gnu17;
				GCC_DYNAMIC_NO_PIC = NO;
				GCC_NO_COMMON_BLOCKS = YES;
				GCC_OPTIMIZATION_LEVEL = 0;
				GCC_PREPROCESSOR_DEFINITIONS = (
					"DEBUG=1",
					"$(inherited)",
				);
				GCC_WARN_64_TO_32_BIT_CONVERSION = YES;
				GCC_WARN_ABOUT_RETURN_TYPE = YES_ERROR;
				GCC_WARN_UNDECLARED_SELECTOR = YES;
				GCC_WARN_UNINITIALIZED_AUTOS = YES_AGGRESSIVE;
				GCC_WARN_UNUSED_FUNCTION = YES;
				GCC_WARN_UNUSED_VARIABLE = YES;
				IPHONEOS_DEPLOYMENT_TARGET = 26.2;
				LOCALIZATION_PREFERS_STRING_CATALOGS = YES;
				MTL_ENABLE_DEBUG_INFO = INCLUDE_SOURCE;
				MTL_FAST_MATH = YES;
				ONLY_ACTIVE_ARCH = YES;
				SDKROOT = iphoneos;
				SWIFT_ACTIVE_COMPILATION_CONDITIONS = "DEBUG $(inherited)";
				SWIFT_OPTIMIZATION_LEVEL = "-Onone";
			};
			name = Debug;
		};
		19293F802F3320960000973C /* Release */ = {
			isa = XCBuildConfiguration;
			buildSettings = {
				ALWAYS_SEARCH_USER_PATHS = NO;
				ASSETCATALOG_COMPILER_GENERATE_SWIFT_ASSET_SYMBOL_EXTENSIONS = YES;
				CLANG_ANALYZER_NONNULL = YES;
				CLANG_ANALYZER_NUMBER_OBJECT_CONVERSION = YES_AGGRESSIVE;
				CLANG_CXX_LANGUAGE_STANDARD = "gnu++20";
				CLANG_ENABLE_MODULES = YES;
				CLANG_ENABLE_OBJC_ARC = YES;
				CLANG_ENABLE_OBJC_WEAK = YES;
				CLANG_WARN_BLOCK_CAPTURE_AUTORELEASING = YES;
				CLANG_WARN_BOOL_CONVERSION = YES;
				CLANG_WARN_COMMA = YES;
				CLANG_WARN_CONSTANT_CONVERSION = YES;
				CLANG_WARN_DEPRECATED_OBJC_IMPLEMENTATIONS = YES;
				CLANG_WARN_DIRECT_OBJC_ISA_USAGE = YES_ERROR;
				CLANG_WARN_DOCUMENTATION_COMMENTS = YES;
				CLANG_WARN_EMPTY_BODY = YES;
				CLANG_WARN_ENUM_CONVERSION = YES;
				CLANG_WARN_INFINITE_RECURSION = YES;
				CLANG_WARN_INT_CONVERSION = YES;
				CLANG_WARN_NON_LITERAL_NULL_CONVERSION = YES;
				CLANG_WARN_OBJC_IMPLICIT_RETAIN_SELF = YES;
				CLANG_WARN_OBJC_LITERAL_CONVERSION = YES;
				CLANG_WARN_OBJC_ROOT_CLASS = YES_ERROR;
				CLANG_WARN_QUOTED_INCLUDE_IN_FRAMEWORK_HEADER = YES;
				CLANG_WARN_RANGE_LOOP_ANALYSIS = YES;
				CLANG_WARN_STRICT_PROTOTYPES = YES;
				CLANG_WARN_SUSPICIOUS_MOVE = YES;
				CLANG_WARN_UNGUARDED_AVAILABILITY = YES_AGGRESSIVE;
				CLANG_WARN_UNREACHABLE_CODE = YES;
				CLANG_WARN__DUPLICATE_METHOD_MATCH = YES;
				COPY_PHASE_STRIP = NO;
				DEBUG_INFORMATION_FORMAT = "dwarf-with-dsym";
				DEVELOPMENT_TEAM = DPNK89M4L6;
				ENABLE_NS_ASSERTIONS = NO;
				ENABLE_STRICT_OBJC_MSGSEND = YES;
				ENABLE_USER_SCRIPT_SANDBOXING = YES;
				GCC_C_LANGUAGE_STANDARD = gnu17;
				GCC_NO_COMMON_BLOCKS = YES;
				GCC_WARN_64_TO_32_BIT_CONVERSION = YES;
				GCC_WARN_ABOUT_RETURN_TYPE = YES_ERROR;
				GCC_WARN_UNDECLARED_SELECTOR = YES;
				GCC_WARN_UNINITIALIZED_AUTOS = YES_AGGRESSIVE;
				GCC_WARN_UNUSED_FUNCTION = YES;
				GCC_WARN_UNUSED_VARIABLE = YES;
				IPHONEOS_DEPLOYMENT_TARGET = 26.2;
				LOCALIZATION_PREFERS_STRING_CATALOGS = YES;
				MTL_ENABLE_DEBUG_INFO = NO;
				MTL_FAST_MATH = YES;
				SDKROOT = iphoneos;
				SWIFT_COMPILATION_MODE = wholemodule;
				VALIDATE_PRODUCT = YES;
			};
			name = Release;
		};
		19293F822F3320960000973C /* Debug */ = {
			isa = XCBuildConfiguration;
			buildSettings = {
				ASSETCATALOG_COMPILER_APPICON_NAME = AppIcon;
				ASSETCATALOG_COMPILER_GLOBAL_ACCENT_COLOR_NAME = AccentColor;
				CODE_SIGN_STYLE = Automatic;
				CURRENT_PROJECT_VERSION = 1;
				DEVELOPMENT_TEAM = DPNK89M4L6;
				ENABLE_PREVIEWS = YES;
				GENERATE_INFOPLIST_FILE = YES;
				INFOPLIST_FILE = AIVideoMaker/Info.plist;
				INFOPLIST_KEY_UIApplicationSceneManifest_Generation = YES;
				INFOPLIST_KEY_UIApplicationSupportsIndirectInputEvents = YES;
				INFOPLIST_KEY_UILaunchScreen_Generation = YES;
				INFOPLIST_KEY_UISupportedInterfaceOrientations_iPad = "UIInterfaceOrientationPortrait UIInterfaceOrientationPortraitUpsideDown UIInterfaceOrientationLandscapeLeft UIInterfaceOrientationLandscapeRight";
				INFOPLIST_KEY_UISupportedInterfaceOrientations_iPhone = "UIInterfaceOrientationPortrait UIInterfaceOrientationLandscapeLeft UIInterfaceOrientationLandscapeRight";
				IPHONEOS_DEPLOYMENT_TARGET = 17.0;
				LD_RUNPATH_SEARCH_PATHS = (
					"$(inherited)",
					"@executable_path/Frameworks",
				);
				MARKETING_VERSION = 1.0;
				PRODUCT_BUNDLE_IDENTIFIER = com.app.aivideo.AIVideoMaker;
				PRODUCT_NAME = "$(TARGET_NAME)";
				STRING_CATALOG_GENERATE_SYMBOLS = YES;
				SWIFT_APPROACHABLE_CONCURRENCY = YES;
				SWIFT_DEFAULT_ACTOR_ISOLATION = MainActor;
				SWIFT_EMIT_LOC_STRINGS = YES;
				SWIFT_UPCOMING_FEATURE_MEMBER_IMPORT_VISIBILITY = YES;
				SWIFT_VERSION = 5.0;
				TARGETED_DEVICE_FAMILY = "1,2";
			};
			name = Debug;
		};
		19293F832F3320960000973C /* Release */ = {
			isa = XCBuildConfiguration;
			buildSettings = {
				ASSETCATALOG_COMPILER_APPICON_NAME = AppIcon;
				ASSETCATALOG_COMPILER_GLOBAL_ACCENT_COLOR_NAME = AccentColor;
				CODE_SIGN_STYLE = Automatic;
				CURRENT_PROJECT_VERSION = 1;
				DEVELOPMENT_TEAM = DPNK89M4L6;
				ENABLE_PREVIEWS = YES;
				GENERATE_INFOPLIST_FILE = YES;
				INFOPLIST_FILE = AIVideoMaker/Info.plist;
				INFOPLIST_KEY_UIApplicationSceneManifest_Generation = YES;
				INFOPLIST_KEY_UIApplicationSupportsIndirectInputEvents = YES;
				INFOPLIST_KEY_UILaunchScreen_Generation = YES;
				INFOPLIST_KEY_UISupportedInterfaceOrientations_iPad = "UIInterfaceOrientationPortrait UIInterfaceOrientationPortraitUpsideDown UIInterfaceOrientationLandscapeLeft UIInterfaceOrientationLandscapeRight";
				INFOPLIST_KEY_UISupportedInterfaceOrientations_iPhone = "UIInterfaceOrientationPortrait UIInterfaceOrientationLandscapeLeft UIInterfaceOrientationLandscapeRight";
				IPHONEOS_DEPLOYMENT_TARGET = 17.0;
				LD_RUNPATH_SEARCH_PATHS = (
					"$(inherited)",
					"@executable_path/Frameworks",
				);
				MARKETING_VERSION = 1.0;
				PRODUCT_BUNDLE_IDENTIFIER = com.app.aivideo.AIVideoMaker;
				PRODUCT_NAME = "$(TARGET_NAME)";
				STRING_CATALOG_GENERATE_SYMBOLS = YES;
				SWIFT_APPROACHABLE_CONCURRENCY = YES;
				SWIFT_DEFAULT_ACTOR_ISOLATION = MainActor;
				SWIFT_EMIT_LOC_STRINGS = YES;
				SWIFT_UPCOMING_FEATURE_MEMBER_IMPORT_VISIBILITY = YES;
				SWIFT_VERSION = 5.0;
				TARGETED_DEVICE_FAMILY = "1,2";
			};
			name = Release;
		};
/* End XCBuildConfiguration section */

/* Begin XCConfigurationList section */
		19293F712F3320950000973C /* Build configuration list for PBXProject "AIVideoMaker" */ = {
			isa = XCConfigurationList;
			buildConfigurations = (
				19293F7F2F3320960000973C /* Debug */,
				19293F802F3320960000973C /* Release */,
			);
			defaultConfigurationIsVisible = 0;
			defaultConfigurationName = Release;
		};
		19293F812F3320960000973C /* Build configuration list for PBXNativeTarget "AIVideoMaker" */ = {
			isa = XCConfigurationList;
			buildConfigurations = (
				19293F822F3320960000973C /* Debug */,
				19293F832F3320960000973C /* Release */,
			);
			defaultConfigurationIsVisible = 0;
			defaultConfigurationName = Release;
		};
/* End XCConfigurationList section */
	};
	rootObject = 19293F6E2F3320950000973C /* Project object */;
}
